
Microsoft Visual Studio Solution File, Format Version 12.00
# Visual Studio Version 16
VisualStudioVersion = 16.0.29519.87
MinimumVisualStudioVersion = 10.0.40219.1
Project("{9A19103F-16F7-4668-BE54-9A1E7A4F7556}") = "Day-5", "Day-5\Day-5.csproj", "{CC0FBB8A-84C3-4A34-8E65-0BD281BEFF4C}"
EndProject
Project("{8BC9CEB8-8B4A-11D0-8D11-00A0C91BC942}") = "Day-1", "Day-1\Day-1.vcxproj", "{DF3A6AB7-AA03-4EF6-83F0-04C62C7B5A00}"
EndProject
Project("{8BC9CEB8-8B4A-11D0-8D11-00A0C91BC942}") = "Day-2", "Day-2\Day-2.vcxproj", "{6BB7581B-43C6-42A0-ACAD-7DD297DF7D86}"
EndProject
Project("{8BC9CEB8-8B4A-11D0-8D11-00A0C91BC942}") = "Day-3", "Day-3\Day-3.vcxproj", "{67C662B3-B79C-4FA7-AB9C-C093B2036106}"
EndProject
Project("{9A19103F-16F7-4668-BE54-9A1E7A4F7556}") = "Day-4", "Day-4\Day-4.csproj", "{574813C9-B8AF-4565-AA47-047B972C0F63}"
EndProject
Project("{9A19103F-16F7-4668-BE54-9A1E7A4F7556}") = "Day-6", "Day-6\Day-6.csproj", "{6EEAE03C-479E-40B5-9B60-7907D0160DB1}"
EndProject
Project("{9A19103F-16F7-4668-BE54-9A1E7A4F7556}") = "Day-7", "Day-7\Day-7.csproj", "{E4537362-7367-4F24-B251-7E5CD3C69CF1}"
EndProject
Project("{9A19103F-16F7-4668-BE54-9A1E7A4F7556}") = "Day-8", "Day-8\Day-8.csproj", "{E331565D-86E7-479A-9529-B357753B46E2}"
EndProject
Project("{9A19103F-16F7-4668-BE54-9A1E7A4F7556}") = "Day-9", "Day-9\Day-9.csproj", "{4BAB0986-5D6E-41CA-B024-EB0B5FF1C1F8}"
EndProject
Project("{9A19103F-16F7-4668-BE54-9A1E7A4F7556}") = "Day-10", "Day-10\Day-10.csproj", "{4F1E6AB3-37A4-4252-9EF5-A7B577F1125D}"
EndProject
Project("{9A19103F-16F7-4668-BE54-9A1E7A4F7556}") = "Day-11", "Day-11\Day-11.csproj", "{66605AED-5FF0-4033-AEF6-898057BC6F68}"
EndProject
Project("{9A19103F-16F7-4668-BE54-9A1E7A4F7556}") = "Day-12", "Day-12\Day-12.csproj", "{ED83E7C6-382E-4AF4-9BFE-D0A67D9E5F42}"
EndProject
Project("{9A19103F-16F7-4668-BE54-9A1E7A4F7556}") = "Day-13", "Day-13\Day-13.csproj", "{BCB3DCD4-B86F-45DD-A85D-FC4E82D54AE1}"
EndProject
Project("{9A19103F-16F7-4668-BE54-9A1E7A4F7556}") = "Day-14", "Day-14\Day-14.csproj", "{4AE5BBA5-C650-49AD-A154-31DF11947214}"
EndProject
Project("{9A19103F-16F7-4668-BE54-9A1E7A4F7556}") = "TopCoder", "TopCoder\TopCoder.csproj", "{8C79B36E-3598-4A3C-B503-3DB3BBB27628}"
EndProject
Project("{9A19103F-16F7-4668-BE54-9A1E7A4F7556}") = "Day-17", "Day-17\Day-17.csproj", "{274FD5BB-D521-4ABE-9C33-6EF0AF235189}"
EndProject
Project("{FAE04EC0-301F-11D3-BF4B-00C04F79EFBC}") = "Day-15", "Day-15\Day-15.csproj", "{356EEF0F-3913-47DB-9B0D-CF2A06E36114}"
EndProject
Project("{FAE04EC0-301F-11D3-BF4B-00C04F79EFBC}") = "Day-16", "Day-16\Day-16.csproj", "{FABB92DF-14D1-4623-B8D9-9893A11C8388}"
EndProject
Global
	GlobalSection(SolutionConfigurationPlatforms) = preSolution
		Debug|Any CPU = Debug|Any CPU
		Debug|ARM = Debug|ARM
		Debug|ARM64 = Debug|ARM64
		Debug|x64 = Debug|x64
		Debug|x86 = Debug|x86
		Release|Any CPU = Release|Any CPU
		Release|ARM = Release|ARM
		Release|ARM64 = Release|ARM64
		Release|x64 = Release|x64
		Release|x86 = Release|x86
	EndGlobalSection
	GlobalSection(ProjectConfigurationPlatforms) = postSolution
		{CC0FBB8A-84C3-4A34-8E65-0BD281BEFF4C}.Debug|Any CPU.ActiveCfg = Debug|Any CPU
		{CC0FBB8A-84C3-4A34-8E65-0BD281BEFF4C}.Debug|Any CPU.Build.0 = Debug|Any CPU
		{CC0FBB8A-84C3-4A34-8E65-0BD281BEFF4C}.Debug|ARM.ActiveCfg = Debug|Any CPU
		{CC0FBB8A-84C3-4A34-8E65-0BD281BEFF4C}.Debug|ARM.Build.0 = Debug|Any CPU
		{CC0FBB8A-84C3-4A34-8E65-0BD281BEFF4C}.Debug|ARM64.ActiveCfg = Debug|Any CPU
		{CC0FBB8A-84C3-4A34-8E65-0BD281BEFF4C}.Debug|ARM64.Build.0 = Debug|Any CPU
		{CC0FBB8A-84C3-4A34-8E65-0BD281BEFF4C}.Debug|x64.ActiveCfg = Debug|Any CPU
		{CC0FBB8A-84C3-4A34-8E65-0BD281BEFF4C}.Debug|x64.Build.0 = Debug|Any CPU
		{CC0FBB8A-84C3-4A34-8E65-0BD281BEFF4C}.Debug|x86.ActiveCfg = Debug|Any CPU
		{CC0FBB8A-84C3-4A34-8E65-0BD281BEFF4C}.Debug|x86.Build.0 = Debug|Any CPU
		{CC0FBB8A-84C3-4A34-8E65-0BD281BEFF4C}.Release|Any CPU.ActiveCfg = Release|Any CPU
		{CC0FBB8A-84C3-4A34-8E65-0BD281BEFF4C}.Release|Any CPU.Build.0 = Release|Any CPU
		{CC0FBB8A-84C3-4A34-8E65-0BD281BEFF4C}.Release|ARM.ActiveCfg = Release|Any CPU
		{CC0FBB8A-84C3-4A34-8E65-0BD281BEFF4C}.Release|ARM.Build.0 = Release|Any CPU
		{CC0FBB8A-84C3-4A34-8E65-0BD281BEFF4C}.Release|ARM64.ActiveCfg = Release|Any CPU
		{CC0FBB8A-84C3-4A34-8E65-0BD281BEFF4C}.Release|ARM64.Build.0 = Release|Any CPU
		{CC0FBB8A-84C3-4A34-8E65-0BD281BEFF4C}.Release|x64.ActiveCfg = Release|Any CPU
		{CC0FBB8A-84C3-4A34-8E65-0BD281BEFF4C}.Release|x64.Build.0 = Release|Any CPU
		{CC0FBB8A-84C3-4A34-8E65-0BD281BEFF4C}.Release|x86.ActiveCfg = Release|Any CPU
		{CC0FBB8A-84C3-4A34-8E65-0BD281BEFF4C}.Release|x86.Build.0 = Release|Any CPU
		{DF3A6AB7-AA03-4EF6-83F0-04C62C7B5A00}.Debug|Any CPU.ActiveCfg = Debug|x86
		{DF3A6AB7-AA03-4EF6-83F0-04C62C7B5A00}.Debug|Any CPU.Build.0 = Debug|x86
		{DF3A6AB7-AA03-4EF6-83F0-04C62C7B5A00}.Debug|ARM.ActiveCfg = Debug|ARM
		{DF3A6AB7-AA03-4EF6-83F0-04C62C7B5A00}.Debug|ARM.Build.0 = Debug|ARM
		{DF3A6AB7-AA03-4EF6-83F0-04C62C7B5A00}.Debug|ARM.Deploy.0 = Debug|ARM
		{DF3A6AB7-AA03-4EF6-83F0-04C62C7B5A00}.Debug|ARM64.ActiveCfg = Debug|ARM64
		{DF3A6AB7-AA03-4EF6-83F0-04C62C7B5A00}.Debug|ARM64.Build.0 = Debug|ARM64
		{DF3A6AB7-AA03-4EF6-83F0-04C62C7B5A00}.Debug|ARM64.Deploy.0 = Debug|ARM64
		{DF3A6AB7-AA03-4EF6-83F0-04C62C7B5A00}.Debug|x64.ActiveCfg = Debug|x64
		{DF3A6AB7-AA03-4EF6-83F0-04C62C7B5A00}.Debug|x64.Build.0 = Debug|x64
		{DF3A6AB7-AA03-4EF6-83F0-04C62C7B5A00}.Debug|x64.Deploy.0 = Debug|x64
		{DF3A6AB7-AA03-4EF6-83F0-04C62C7B5A00}.Debug|x86.ActiveCfg = Debug|x86
		{DF3A6AB7-AA03-4EF6-83F0-04C62C7B5A00}.Debug|x86.Build.0 = Debug|x86
		{DF3A6AB7-AA03-4EF6-83F0-04C62C7B5A00}.Debug|x86.Deploy.0 = Debug|x86
		{DF3A6AB7-AA03-4EF6-83F0-04C62C7B5A00}.Release|Any CPU.ActiveCfg = Release|x86
		{DF3A6AB7-AA03-4EF6-83F0-04C62C7B5A00}.Release|ARM.ActiveCfg = Release|ARM
		{DF3A6AB7-AA03-4EF6-83F0-04C62C7B5A00}.Release|ARM.Build.0 = Release|ARM
		{DF3A6AB7-AA03-4EF6-83F0-04C62C7B5A00}.Release|ARM.Deploy.0 = Release|ARM
		{DF3A6AB7-AA03-4EF6-83F0-04C62C7B5A00}.Release|ARM64.ActiveCfg = Release|ARM64
		{DF3A6AB7-AA03-4EF6-83F0-04C62C7B5A00}.Release|ARM64.Build.0 = Release|ARM64
		{DF3A6AB7-AA03-4EF6-83F0-04C62C7B5A00}.Release|ARM64.Deploy.0 = Release|ARM64
		{DF3A6AB7-AA03-4EF6-83F0-04C62C7B5A00}.Release|x64.ActiveCfg = Release|x64
		{DF3A6AB7-AA03-4EF6-83F0-04C62C7B5A00}.Release|x64.Build.0 = Release|x64
		{DF3A6AB7-AA03-4EF6-83F0-04C62C7B5A00}.Release|x64.Deploy.0 = Release|x64
		{DF3A6AB7-AA03-4EF6-83F0-04C62C7B5A00}.Release|x86.ActiveCfg = Release|x86
		{DF3A6AB7-AA03-4EF6-83F0-04C62C7B5A00}.Release|x86.Build.0 = Release|x86
		{DF3A6AB7-AA03-4EF6-83F0-04C62C7B5A00}.Release|x86.Deploy.0 = Release|x86
		{6BB7581B-43C6-42A0-ACAD-7DD297DF7D86}.Debug|Any CPU.ActiveCfg = Debug|x86
		{6BB7581B-43C6-42A0-ACAD-7DD297DF7D86}.Debug|Any CPU.Build.0 = Debug|x86
		{6BB7581B-43C6-42A0-ACAD-7DD297DF7D86}.Debug|ARM.ActiveCfg = Debug|ARM
		{6BB7581B-43C6-42A0-ACAD-7DD297DF7D86}.Debug|ARM.Build.0 = Debug|ARM
		{6BB7581B-43C6-42A0-ACAD-7DD297DF7D86}.Debug|ARM.Deploy.0 = Debug|ARM
		{6BB7581B-43C6-42A0-ACAD-7DD297DF7D86}.Debug|ARM64.ActiveCfg = Debug|ARM64
		{6BB7581B-43C6-42A0-ACAD-7DD297DF7D86}.Debug|ARM64.Build.0 = Debug|ARM64
		{6BB7581B-43C6-42A0-ACAD-7DD297DF7D86}.Debug|ARM64.Deploy.0 = Debug|ARM64
		{6BB7581B-43C6-42A0-ACAD-7DD297DF7D86}.Debug|x64.ActiveCfg = Debug|x64
		{6BB7581B-43C6-42A0-ACAD-7DD297DF7D86}.Debug|x64.Build.0 = Debug|x64
		{6BB7581B-43C6-42A0-ACAD-7DD297DF7D86}.Debug|x64.Deploy.0 = Debug|x64
		{6BB7581B-43C6-42A0-ACAD-7DD297DF7D86}.Debug|x86.ActiveCfg = Debug|x86
		{6BB7581B-43C6-42A0-ACAD-7DD297DF7D86}.Debug|x86.Build.0 = Debug|x86
		{6BB7581B-43C6-42A0-ACAD-7DD297DF7D86}.Debug|x86.Deploy.0 = Debug|x86
		{6BB7581B-43C6-42A0-ACAD-7DD297DF7D86}.Release|Any CPU.ActiveCfg = Release|x86
		{6BB7581B-43C6-42A0-ACAD-7DD297DF7D86}.Release|ARM.ActiveCfg = Release|ARM
		{6BB7581B-43C6-42A0-ACAD-7DD297DF7D86}.Release|ARM.Build.0 = Release|ARM
		{6BB7581B-43C6-42A0-ACAD-7DD297DF7D86}.Release|ARM.Deploy.0 = Release|ARM
		{6BB7581B-43C6-42A0-ACAD-7DD297DF7D86}.Release|ARM64.ActiveCfg = Release|ARM64
		{6BB7581B-43C6-42A0-ACAD-7DD297DF7D86}.Release|ARM64.Build.0 = Release|ARM64
		{6BB7581B-43C6-42A0-ACAD-7DD297DF7D86}.Release|ARM64.Deploy.0 = Release|ARM64
		{6BB7581B-43C6-42A0-ACAD-7DD297DF7D86}.Release|x64.ActiveCfg = Release|x64
		{6BB7581B-43C6-42A0-ACAD-7DD297DF7D86}.Release|x64.Build.0 = Release|x64
		{6BB7581B-43C6-42A0-ACAD-7DD297DF7D86}.Release|x64.Deploy.0 = Release|x64
		{6BB7581B-43C6-42A0-ACAD-7DD297DF7D86}.Release|x86.ActiveCfg = Release|x86
		{6BB7581B-43C6-42A0-ACAD-7DD297DF7D86}.Release|x86.Build.0 = Release|x86
		{6BB7581B-43C6-42A0-ACAD-7DD297DF7D86}.Release|x86.Deploy.0 = Release|x86
		{67C662B3-B79C-4FA7-AB9C-C093B2036106}.Debug|Any CPU.ActiveCfg = Debug|x86
		{67C662B3-B79C-4FA7-AB9C-C093B2036106}.Debug|Any CPU.Build.0 = Debug|x86
		{67C662B3-B79C-4FA7-AB9C-C093B2036106}.Debug|ARM.ActiveCfg = Debug|ARM
		{67C662B3-B79C-4FA7-AB9C-C093B2036106}.Debug|ARM.Build.0 = Debug|ARM
		{67C662B3-B79C-4FA7-AB9C-C093B2036106}.Debug|ARM.Deploy.0 = Debug|ARM
		{67C662B3-B79C-4FA7-AB9C-C093B2036106}.Debug|ARM64.ActiveCfg = Debug|ARM64
		{67C662B3-B79C-4FA7-AB9C-C093B2036106}.Debug|ARM64.Build.0 = Debug|ARM64
		{67C662B3-B79C-4FA7-AB9C-C093B2036106}.Debug|ARM64.Deploy.0 = Debug|ARM64
		{67C662B3-B79C-4FA7-AB9C-C093B2036106}.Debug|x64.ActiveCfg = Debug|x64
		{67C662B3-B79C-4FA7-AB9C-C093B2036106}.Debug|x64.Build.0 = Debug|x64
		{67C662B3-B79C-4FA7-AB9C-C093B2036106}.Debug|x64.Deploy.0 = Debug|x64
		{67C662B3-B79C-4FA7-AB9C-C093B2036106}.Debug|x86.ActiveCfg = Debug|x86
		{67C662B3-B79C-4FA7-AB9C-C093B2036106}.Debug|x86.Build.0 = Debug|x86
		{67C662B3-B79C-4FA7-AB9C-C093B2036106}.Debug|x86.Deploy.0 = Debug|x86
		{67C662B3-B79C-4FA7-AB9C-C093B2036106}.Release|Any CPU.ActiveCfg = Release|x86
		{67C662B3-B79C-4FA7-AB9C-C093B2036106}.Release|ARM.ActiveCfg = Release|ARM
		{67C662B3-B79C-4FA7-AB9C-C093B2036106}.Release|ARM.Build.0 = Release|ARM
		{67C662B3-B79C-4FA7-AB9C-C093B2036106}.Release|ARM.Deploy.0 = Release|ARM
		{67C662B3-B79C-4FA7-AB9C-C093B2036106}.Release|ARM64.ActiveCfg = Release|ARM64
		{67C662B3-B79C-4FA7-AB9C-C093B2036106}.Release|ARM64.Build.0 = Release|ARM64
		{67C662B3-B79C-4FA7-AB9C-C093B2036106}.Release|ARM64.Deploy.0 = Release|ARM64
		{67C662B3-B79C-4FA7-AB9C-C093B2036106}.Release|x64.ActiveCfg = Release|x64
		{67C662B3-B79C-4FA7-AB9C-C093B2036106}.Release|x64.Build.0 = Release|x64
		{67C662B3-B79C-4FA7-AB9C-C093B2036106}.Release|x64.Deploy.0 = Release|x64
		{67C662B3-B79C-4FA7-AB9C-C093B2036106}.Release|x86.ActiveCfg = Release|x86
		{67C662B3-B79C-4FA7-AB9C-C093B2036106}.Release|x86.Build.0 = Release|x86
		{67C662B3-B79C-4FA7-AB9C-C093B2036106}.Release|x86.Deploy.0 = Release|x86
		{574813C9-B8AF-4565-AA47-047B972C0F63}.Debug|Any CPU.ActiveCfg = Debug|Any CPU
		{574813C9-B8AF-4565-AA47-047B972C0F63}.Debug|Any CPU.Build.0 = Debug|Any CPU
		{574813C9-B8AF-4565-AA47-047B972C0F63}.Debug|ARM.ActiveCfg = Debug|Any CPU
		{574813C9-B8AF-4565-AA47-047B972C0F63}.Debug|ARM.Build.0 = Debug|Any CPU
		{574813C9-B8AF-4565-AA47-047B972C0F63}.Debug|ARM64.ActiveCfg = Debug|Any CPU
		{574813C9-B8AF-4565-AA47-047B972C0F63}.Debug|ARM64.Build.0 = Debug|Any CPU
		{574813C9-B8AF-4565-AA47-047B972C0F63}.Debug|x64.ActiveCfg = Debug|Any CPU
		{574813C9-B8AF-4565-AA47-047B972C0F63}.Debug|x64.Build.0 = Debug|Any CPU
		{574813C9-B8AF-4565-AA47-047B972C0F63}.Debug|x86.ActiveCfg = Debug|Any CPU
		{574813C9-B8AF-4565-AA47-047B972C0F63}.Debug|x86.Build.0 = Debug|Any CPU
		{574813C9-B8AF-4565-AA47-047B972C0F63}.Release|Any CPU.ActiveCfg = Release|Any CPU
		{574813C9-B8AF-4565-AA47-047B972C0F63}.Release|Any CPU.Build.0 = Release|Any CPU
		{574813C9-B8AF-4565-AA47-047B972C0F63}.Release|ARM.ActiveCfg = Release|Any CPU
		{574813C9-B8AF-4565-AA47-047B972C0F63}.Release|ARM.Build.0 = Release|Any CPU
		{574813C9-B8AF-4565-AA47-047B972C0F63}.Release|ARM64.ActiveCfg = Release|Any CPU
		{574813C9-B8AF-4565-AA47-047B972C0F63}.Release|ARM64.Build.0 = Release|Any CPU
		{574813C9-B8AF-4565-AA47-047B972C0F63}.Release|x64.ActiveCfg = Release|Any CPU
		{574813C9-B8AF-4565-AA47-047B972C0F63}.Release|x64.Build.0 = Release|Any CPU
		{574813C9-B8AF-4565-AA47-047B972C0F63}.Release|x86.ActiveCfg = Release|Any CPU
		{574813C9-B8AF-4565-AA47-047B972C0F63}.Release|x86.Build.0 = Release|Any CPU
		{6EEAE03C-479E-40B5-9B60-7907D0160DB1}.Debug|Any CPU.ActiveCfg = Debug|Any CPU
		{6EEAE03C-479E-40B5-9B60-7907D0160DB1}.Debug|Any CPU.Build.0 = Debug|Any CPU
		{6EEAE03C-479E-40B5-9B60-7907D0160DB1}.Debug|ARM.ActiveCfg = Debug|Any CPU
		{6EEAE03C-479E-40B5-9B60-7907D0160DB1}.Debug|ARM.Build.0 = Debug|Any CPU
		{6EEAE03C-479E-40B5-9B60-7907D0160DB1}.Debug|ARM64.ActiveCfg = Debug|Any CPU
		{6EEAE03C-479E-40B5-9B60-7907D0160DB1}.Debug|ARM64.Build.0 = Debug|Any CPU
		{6EEAE03C-479E-40B5-9B60-7907D0160DB1}.Debug|x64.ActiveCfg = Debug|Any CPU
		{6EEAE03C-479E-40B5-9B60-7907D0160DB1}.Debug|x64.Build.0 = Debug|Any CPU
		{6EEAE03C-479E-40B5-9B60-7907D0160DB1}.Debug|x86.ActiveCfg = Debug|Any CPU
		{6EEAE03C-479E-40B5-9B60-7907D0160DB1}.Debug|x86.Build.0 = Debug|Any CPU
		{6EEAE03C-479E-40B5-9B60-7907D0160DB1}.Release|Any CPU.ActiveCfg = Release|Any CPU
		{6EEAE03C-479E-40B5-9B60-7907D0160DB1}.Release|Any CPU.Build.0 = Release|Any CPU
		{6EEAE03C-479E-40B5-9B60-7907D0160DB1}.Release|ARM.ActiveCfg = Release|Any CPU
		{6EEAE03C-479E-40B5-9B60-7907D0160DB1}.Release|ARM.Build.0 = Release|Any CPU
		{6EEAE03C-479E-40B5-9B60-7907D0160DB1}.Release|ARM64.ActiveCfg = Release|Any CPU
		{6EEAE03C-479E-40B5-9B60-7907D0160DB1}.Release|ARM64.Build.0 = Release|Any CPU
		{6EEAE03C-479E-40B5-9B60-7907D0160DB1}.Release|x64.ActiveCfg = Release|Any CPU
		{6EEAE03C-479E-40B5-9B60-7907D0160DB1}.Release|x64.Build.0 = Release|Any CPU
		{6EEAE03C-479E-40B5-9B60-7907D0160DB1}.Release|x86.ActiveCfg = Release|Any CPU
		{6EEAE03C-479E-40B5-9B60-7907D0160DB1}.Release|x86.Build.0 = Release|Any CPU
		{E4537362-7367-4F24-B251-7E5CD3C69CF1}.Debug|Any CPU.ActiveCfg = Debug|Any CPU
		{E4537362-7367-4F24-B251-7E5CD3C69CF1}.Debug|Any CPU.Build.0 = Debug|Any CPU
		{E4537362-7367-4F24-B251-7E5CD3C69CF1}.Debug|ARM.ActiveCfg = Debug|Any CPU
		{E4537362-7367-4F24-B251-7E5CD3C69CF1}.Debug|ARM.Build.0 = Debug|Any CPU
		{E4537362-7367-4F24-B251-7E5CD3C69CF1}.Debug|ARM64.ActiveCfg = Debug|Any CPU
		{E4537362-7367-4F24-B251-7E5CD3C69CF1}.Debug|ARM64.Build.0 = Debug|Any CPU
		{E4537362-7367-4F24-B251-7E5CD3C69CF1}.Debug|x64.ActiveCfg = Debug|Any CPU
		{E4537362-7367-4F24-B251-7E5CD3C69CF1}.Debug|x64.Build.0 = Debug|Any CPU
		{E4537362-7367-4F24-B251-7E5CD3C69CF1}.Debug|x86.ActiveCfg = Debug|Any CPU
		{E4537362-7367-4F24-B251-7E5CD3C69CF1}.Debug|x86.Build.0 = Debug|Any CPU
		{E4537362-7367-4F24-B251-7E5CD3C69CF1}.Release|Any CPU.ActiveCfg = Release|Any CPU
		{E4537362-7367-4F24-B251-7E5CD3C69CF1}.Release|Any CPU.Build.0 = Release|Any CPU
		{E4537362-7367-4F24-B251-7E5CD3C69CF1}.Release|ARM.ActiveCfg = Release|Any CPU
		{E4537362-7367-4F24-B251-7E5CD3C69CF1}.Release|ARM.Build.0 = Release|Any CPU
		{E4537362-7367-4F24-B251-7E5CD3C69CF1}.Release|ARM64.ActiveCfg = Release|Any CPU
		{E4537362-7367-4F24-B251-7E5CD3C69CF1}.Release|ARM64.Build.0 = Release|Any CPU
		{E4537362-7367-4F24-B251-7E5CD3C69CF1}.Release|x64.ActiveCfg = Release|Any CPU
		{E4537362-7367-4F24-B251-7E5CD3C69CF1}.Release|x64.Build.0 = Release|Any CPU
		{E4537362-7367-4F24-B251-7E5CD3C69CF1}.Release|x86.ActiveCfg = Release|Any CPU
		{E4537362-7367-4F24-B251-7E5CD3C69CF1}.Release|x86.Build.0 = Release|Any CPU
		{E331565D-86E7-479A-9529-B357753B46E2}.Debug|Any CPU.ActiveCfg = Debug|Any CPU
		{E331565D-86E7-479A-9529-B357753B46E2}.Debug|Any CPU.Build.0 = Debug|Any CPU
		{E331565D-86E7-479A-9529-B357753B46E2}.Debug|ARM.ActiveCfg = Debug|Any CPU
		{E331565D-86E7-479A-9529-B357753B46E2}.Debug|ARM.Build.0 = Debug|Any CPU
		{E331565D-86E7-479A-9529-B357753B46E2}.Debug|ARM64.ActiveCfg = Debug|Any CPU
		{E331565D-86E7-479A-9529-B357753B46E2}.Debug|ARM64.Build.0 = Debug|Any CPU
		{E331565D-86E7-479A-9529-B357753B46E2}.Debug|x64.ActiveCfg = Debug|Any CPU
		{E331565D-86E7-479A-9529-B357753B46E2}.Debug|x64.Build.0 = Debug|Any CPU
		{E331565D-86E7-479A-9529-B357753B46E2}.Debug|x86.ActiveCfg = Debug|Any CPU
		{E331565D-86E7-479A-9529-B357753B46E2}.Debug|x86.Build.0 = Debug|Any CPU
		{E331565D-86E7-479A-9529-B357753B46E2}.Release|Any CPU.ActiveCfg = Release|Any CPU
		{E331565D-86E7-479A-9529-B357753B46E2}.Release|Any CPU.Build.0 = Release|Any CPU
		{E331565D-86E7-479A-9529-B357753B46E2}.Release|ARM.ActiveCfg = Release|Any CPU
		{E331565D-86E7-479A-9529-B357753B46E2}.Release|ARM.Build.0 = Release|Any CPU
		{E331565D-86E7-479A-9529-B357753B46E2}.Release|ARM64.ActiveCfg = Release|Any CPU
		{E331565D-86E7-479A-9529-B357753B46E2}.Release|ARM64.Build.0 = Release|Any CPU
		{E331565D-86E7-479A-9529-B357753B46E2}.Release|x64.ActiveCfg = Release|Any CPU
		{E331565D-86E7-479A-9529-B357753B46E2}.Release|x64.Build.0 = Release|Any CPU
		{E331565D-86E7-479A-9529-B357753B46E2}.Release|x86.ActiveCfg = Release|Any CPU
		{E331565D-86E7-479A-9529-B357753B46E2}.Release|x86.Build.0 = Release|Any CPU
		{4BAB0986-5D6E-41CA-B024-EB0B5FF1C1F8}.Debug|Any CPU.ActiveCfg = Debug|Any CPU
		{4BAB0986-5D6E-41CA-B024-EB0B5FF1C1F8}.Debug|Any CPU.Build.0 = Debug|Any CPU
		{4BAB0986-5D6E-41CA-B024-EB0B5FF1C1F8}.Debug|ARM.ActiveCfg = Debug|Any CPU
		{4BAB0986-5D6E-41CA-B024-EB0B5FF1C1F8}.Debug|ARM.Build.0 = Debug|Any CPU
		{4BAB0986-5D6E-41CA-B024-EB0B5FF1C1F8}.Debug|ARM64.ActiveCfg = Debug|Any CPU
		{4BAB0986-5D6E-41CA-B024-EB0B5FF1C1F8}.Debug|ARM64.Build.0 = Debug|Any CPU
		{4BAB0986-5D6E-41CA-B024-EB0B5FF1C1F8}.Debug|x64.ActiveCfg = Debug|Any CPU
		{4BAB0986-5D6E-41CA-B024-EB0B5FF1C1F8}.Debug|x64.Build.0 = Debug|Any CPU
		{4BAB0986-5D6E-41CA-B024-EB0B5FF1C1F8}.Debug|x86.ActiveCfg = Debug|Any CPU
		{4BAB0986-5D6E-41CA-B024-EB0B5FF1C1F8}.Debug|x86.Build.0 = Debug|Any CPU
		{4BAB0986-5D6E-41CA-B024-EB0B5FF1C1F8}.Release|Any CPU.ActiveCfg = Release|Any CPU
		{4BAB0986-5D6E-41CA-B024-EB0B5FF1C1F8}.Release|Any CPU.Build.0 = Release|Any CPU
		{4BAB0986-5D6E-41CA-B024-EB0B5FF1C1F8}.Release|ARM.ActiveCfg = Release|Any CPU
		{4BAB0986-5D6E-41CA-B024-EB0B5FF1C1F8}.Release|ARM.Build.0 = Release|Any CPU
		{4BAB0986-5D6E-41CA-B024-EB0B5FF1C1F8}.Release|ARM64.ActiveCfg = Release|Any CPU
		{4BAB0986-5D6E-41CA-B024-EB0B5FF1C1F8}.Release|ARM64.Build.0 = Release|Any CPU
		{4BAB0986-5D6E-41CA-B024-EB0B5FF1C1F8}.Release|x64.ActiveCfg = Release|Any CPU
		{4BAB0986-5D6E-41CA-B024-EB0B5FF1C1F8}.Release|x64.Build.0 = Release|Any CPU
		{4BAB0986-5D6E-41CA-B024-EB0B5FF1C1F8}.Release|x86.ActiveCfg = Release|Any CPU
		{4BAB0986-5D6E-41CA-B024-EB0B5FF1C1F8}.Release|x86.Build.0 = Release|Any CPU
		{4F1E6AB3-37A4-4252-9EF5-A7B577F1125D}.Debug|Any CPU.ActiveCfg = Debug|Any CPU
		{4F1E6AB3-37A4-4252-9EF5-A7B577F1125D}.Debug|Any CPU.Build.0 = Debug|Any CPU
		{4F1E6AB3-37A4-4252-9EF5-A7B577F1125D}.Debug|ARM.ActiveCfg = Debug|Any CPU
		{4F1E6AB3-37A4-4252-9EF5-A7B577F1125D}.Debug|ARM.Build.0 = Debug|Any CPU
		{4F1E6AB3-37A4-4252-9EF5-A7B577F1125D}.Debug|ARM64.ActiveCfg = Debug|Any CPU
		{4F1E6AB3-37A4-4252-9EF5-A7B577F1125D}.Debug|ARM64.Build.0 = Debug|Any CPU
		{4F1E6AB3-37A4-4252-9EF5-A7B577F1125D}.Debug|x64.ActiveCfg = Debug|Any CPU
		{4F1E6AB3-37A4-4252-9EF5-A7B577F1125D}.Debug|x64.Build.0 = Debug|Any CPU
		{4F1E6AB3-37A4-4252-9EF5-A7B577F1125D}.Debug|x86.ActiveCfg = Debug|Any CPU
		{4F1E6AB3-37A4-4252-9EF5-A7B577F1125D}.Debug|x86.Build.0 = Debug|Any CPU
		{4F1E6AB3-37A4-4252-9EF5-A7B577F1125D}.Release|Any CPU.ActiveCfg = Release|Any CPU
		{4F1E6AB3-37A4-4252-9EF5-A7B577F1125D}.Release|Any CPU.Build.0 = Release|Any CPU
		{4F1E6AB3-37A4-4252-9EF5-A7B577F1125D}.Release|ARM.ActiveCfg = Release|Any CPU
		{4F1E6AB3-37A4-4252-9EF5-A7B577F1125D}.Release|ARM.Build.0 = Release|Any CPU
		{4F1E6AB3-37A4-4252-9EF5-A7B577F1125D}.Release|ARM64.ActiveCfg = Release|Any CPU
		{4F1E6AB3-37A4-4252-9EF5-A7B577F1125D}.Release|ARM64.Build.0 = Release|Any CPU
		{4F1E6AB3-37A4-4252-9EF5-A7B577F1125D}.Release|x64.ActiveCfg = Release|Any CPU
		{4F1E6AB3-37A4-4252-9EF5-A7B577F1125D}.Release|x64.Build.0 = Release|Any CPU
		{4F1E6AB3-37A4-4252-9EF5-A7B577F1125D}.Release|x86.ActiveCfg = Release|Any CPU
		{4F1E6AB3-37A4-4252-9EF5-A7B577F1125D}.Release|x86.Build.0 = Release|Any CPU
		{66605AED-5FF0-4033-AEF6-898057BC6F68}.Debug|Any CPU.ActiveCfg = Debug|Any CPU
		{66605AED-5FF0-4033-AEF6-898057BC6F68}.Debug|Any CPU.Build.0 = Debug|Any CPU
		{66605AED-5FF0-4033-AEF6-898057BC6F68}.Debug|ARM.ActiveCfg = Debug|Any CPU
		{66605AED-5FF0-4033-AEF6-898057BC6F68}.Debug|ARM.Build.0 = Debug|Any CPU
		{66605AED-5FF0-4033-AEF6-898057BC6F68}.Debug|ARM64.ActiveCfg = Debug|Any CPU
		{66605AED-5FF0-4033-AEF6-898057BC6F68}.Debug|ARM64.Build.0 = Debug|Any CPU
		{66605AED-5FF0-4033-AEF6-898057BC6F68}.Debug|x64.ActiveCfg = Debug|Any CPU
		{66605AED-5FF0-4033-AEF6-898057BC6F68}.Debug|x64.Build.0 = Debug|Any CPU
		{66605AED-5FF0-4033-AEF6-898057BC6F68}.Debug|x86.ActiveCfg = Debug|Any CPU
		{66605AED-5FF0-4033-AEF6-898057BC6F68}.Debug|x86.Build.0 = Debug|Any CPU
		{66605AED-5FF0-4033-AEF6-898057BC6F68}.Release|Any CPU.ActiveCfg = Release|Any CPU
		{66605AED-5FF0-4033-AEF6-898057BC6F68}.Release|Any CPU.Build.0 = Release|Any CPU
		{66605AED-5FF0-4033-AEF6-898057BC6F68}.Release|ARM.ActiveCfg = Release|Any CPU
		{66605AED-5FF0-4033-AEF6-898057BC6F68}.Release|ARM.Build.0 = Release|Any CPU
		{66605AED-5FF0-4033-AEF6-898057BC6F68}.Release|ARM64.ActiveCfg = Release|Any CPU
		{66605AED-5FF0-4033-AEF6-898057BC6F68}.Release|ARM64.Build.0 = Release|Any CPU
		{66605AED-5FF0-4033-AEF6-898057BC6F68}.Release|x64.ActiveCfg = Release|Any CPU
		{66605AED-5FF0-4033-AEF6-898057BC6F68}.Release|x64.Build.0 = Release|Any CPU
		{66605AED-5FF0-4033-AEF6-898057BC6F68}.Release|x86.ActiveCfg = Release|Any CPU
		{66605AED-5FF0-4033-AEF6-898057BC6F68}.Release|x86.Build.0 = Release|Any CPU
		{ED83E7C6-382E-4AF4-9BFE-D0A67D9E5F42}.Debug|Any CPU.ActiveCfg = Debug|Any CPU
		{ED83E7C6-382E-4AF4-9BFE-D0A67D9E5F42}.Debug|Any CPU.Build.0 = Debug|Any CPU
		{ED83E7C6-382E-4AF4-9BFE-D0A67D9E5F42}.Debug|ARM.ActiveCfg = Debug|Any CPU
		{ED83E7C6-382E-4AF4-9BFE-D0A67D9E5F42}.Debug|ARM.Build.0 = Debug|Any CPU
		{ED83E7C6-382E-4AF4-9BFE-D0A67D9E5F42}.Debug|ARM64.ActiveCfg = Debug|Any CPU
		{ED83E7C6-382E-4AF4-9BFE-D0A67D9E5F42}.Debug|ARM64.Build.0 = Debug|Any CPU
		{ED83E7C6-382E-4AF4-9BFE-D0A67D9E5F42}.Debug|x64.ActiveCfg = Debug|Any CPU
		{ED83E7C6-382E-4AF4-9BFE-D0A67D9E5F42}.Debug|x64.Build.0 = Debug|Any CPU
		{ED83E7C6-382E-4AF4-9BFE-D0A67D9E5F42}.Debug|x86.ActiveCfg = Debug|Any CPU
		{ED83E7C6-382E-4AF4-9BFE-D0A67D9E5F42}.Debug|x86.Build.0 = Debug|Any CPU
		{ED83E7C6-382E-4AF4-9BFE-D0A67D9E5F42}.Release|Any CPU.ActiveCfg = Release|Any CPU
		{ED83E7C6-382E-4AF4-9BFE-D0A67D9E5F42}.Release|Any CPU.Build.0 = Release|Any CPU
		{ED83E7C6-382E-4AF4-9BFE-D0A67D9E5F42}.Release|ARM.ActiveCfg = Release|Any CPU
		{ED83E7C6-382E-4AF4-9BFE-D0A67D9E5F42}.Release|ARM.Build.0 = Release|Any CPU
		{ED83E7C6-382E-4AF4-9BFE-D0A67D9E5F42}.Release|ARM64.ActiveCfg = Release|Any CPU
		{ED83E7C6-382E-4AF4-9BFE-D0A67D9E5F42}.Release|ARM64.Build.0 = Release|Any CPU
		{ED83E7C6-382E-4AF4-9BFE-D0A67D9E5F42}.Release|x64.ActiveCfg = Release|Any CPU
		{ED83E7C6-382E-4AF4-9BFE-D0A67D9E5F42}.Release|x64.Build.0 = Release|Any CPU
		{ED83E7C6-382E-4AF4-9BFE-D0A67D9E5F42}.Release|x86.ActiveCfg = Release|Any CPU
		{ED83E7C6-382E-4AF4-9BFE-D0A67D9E5F42}.Release|x86.Build.0 = Release|Any CPU
		{BCB3DCD4-B86F-45DD-A85D-FC4E82D54AE1}.Debug|Any CPU.ActiveCfg = Debug|Any CPU
		{BCB3DCD4-B86F-45DD-A85D-FC4E82D54AE1}.Debug|Any CPU.Build.0 = Debug|Any CPU
		{BCB3DCD4-B86F-45DD-A85D-FC4E82D54AE1}.Debug|ARM.ActiveCfg = Debug|Any CPU
		{BCB3DCD4-B86F-45DD-A85D-FC4E82D54AE1}.Debug|ARM.Build.0 = Debug|Any CPU
		{BCB3DCD4-B86F-45DD-A85D-FC4E82D54AE1}.Debug|ARM64.ActiveCfg = Debug|Any CPU
		{BCB3DCD4-B86F-45DD-A85D-FC4E82D54AE1}.Debug|ARM64.Build.0 = Debug|Any CPU
		{BCB3DCD4-B86F-45DD-A85D-FC4E82D54AE1}.Debug|x64.ActiveCfg = Debug|Any CPU
		{BCB3DCD4-B86F-45DD-A85D-FC4E82D54AE1}.Debug|x64.Build.0 = Debug|Any CPU
		{BCB3DCD4-B86F-45DD-A85D-FC4E82D54AE1}.Debug|x86.ActiveCfg = Debug|Any CPU
		{BCB3DCD4-B86F-45DD-A85D-FC4E82D54AE1}.Debug|x86.Build.0 = Debug|Any CPU
		{BCB3DCD4-B86F-45DD-A85D-FC4E82D54AE1}.Release|Any CPU.ActiveCfg = Release|Any CPU
		{BCB3DCD4-B86F-45DD-A85D-FC4E82D54AE1}.Release|Any CPU.Build.0 = Release|Any CPU
		{BCB3DCD4-B86F-45DD-A85D-FC4E82D54AE1}.Release|ARM.ActiveCfg = Release|Any CPU
		{BCB3DCD4-B86F-45DD-A85D-FC4E82D54AE1}.Release|ARM.Build.0 = Release|Any CPU
		{BCB3DCD4-B86F-45DD-A85D-FC4E82D54AE1}.Release|ARM64.ActiveCfg = Release|Any CPU
		{BCB3DCD4-B86F-45DD-A85D-FC4E82D54AE1}.Release|ARM64.Build.0 = Release|Any CPU
		{BCB3DCD4-B86F-45DD-A85D-FC4E82D54AE1}.Release|x64.ActiveCfg = Release|Any CPU
		{BCB3DCD4-B86F-45DD-A85D-FC4E82D54AE1}.Release|x64.Build.0 = Release|Any CPU
		{BCB3DCD4-B86F-45DD-A85D-FC4E82D54AE1}.Release|x86.ActiveCfg = Release|Any CPU
		{BCB3DCD4-B86F-45DD-A85D-FC4E82D54AE1}.Release|x86.Build.0 = Release|Any CPU
		{4AE5BBA5-C650-49AD-A154-31DF11947214}.Debug|Any CPU.ActiveCfg = Debug|Any CPU
		{4AE5BBA5-C650-49AD-A154-31DF11947214}.Debug|Any CPU.Build.0 = Debug|Any CPU
		{4AE5BBA5-C650-49AD-A154-31DF11947214}.Debug|ARM.ActiveCfg = Debug|Any CPU
		{4AE5BBA5-C650-49AD-A154-31DF11947214}.Debug|ARM.Build.0 = Debug|Any CPU
		{4AE5BBA5-C650-49AD-A154-31DF11947214}.Debug|ARM64.ActiveCfg = Debug|Any CPU
		{4AE5BBA5-C650-49AD-A154-31DF11947214}.Debug|ARM64.Build.0 = Debug|Any CPU
		{4AE5BBA5-C650-49AD-A154-31DF11947214}.Debug|x64.ActiveCfg = Debug|Any CPU
		{4AE5BBA5-C650-49AD-A154-31DF11947214}.Debug|x64.Build.0 = Debug|Any CPU
		{4AE5BBA5-C650-49AD-A154-31DF11947214}.Debug|x86.ActiveCfg = Debug|Any CPU
		{4AE5BBA5-C650-49AD-A154-31DF11947214}.Debug|x86.Build.0 = Debug|Any CPU
		{4AE5BBA5-C650-49AD-A154-31DF11947214}.Release|Any CPU.ActiveCfg = Release|Any CPU
		{4AE5BBA5-C650-49AD-A154-31DF11947214}.Release|Any CPU.Build.0 = Release|Any CPU
		{4AE5BBA5-C650-49AD-A154-31DF11947214}.Release|ARM.ActiveCfg = Release|Any CPU
		{4AE5BBA5-C650-49AD-A154-31DF11947214}.Release|ARM.Build.0 = Release|Any CPU
		{4AE5BBA5-C650-49AD-A154-31DF11947214}.Release|ARM64.ActiveCfg = Release|Any CPU
		{4AE5BBA5-C650-49AD-A154-31DF11947214}.Release|ARM64.Build.0 = Release|Any CPU
		{4AE5BBA5-C650-49AD-A154-31DF11947214}.Release|x64.ActiveCfg = Release|Any CPU
		{4AE5BBA5-C650-49AD-A154-31DF11947214}.Release|x64.Build.0 = Release|Any CPU
		{4AE5BBA5-C650-49AD-A154-31DF11947214}.Release|x86.ActiveCfg = Release|Any CPU
		{4AE5BBA5-C650-49AD-A154-31DF11947214}.Release|x86.Build.0 = Release|Any CPU
		{8C79B36E-3598-4A3C-B503-3DB3BBB27628}.Debug|Any CPU.ActiveCfg = Debug|Any CPU
		{8C79B36E-3598-4A3C-B503-3DB3BBB27628}.Debug|Any CPU.Build.0 = Debug|Any CPU
		{8C79B36E-3598-4A3C-B503-3DB3BBB27628}.Debug|ARM.ActiveCfg = Debug|Any CPU
		{8C79B36E-3598-4A3C-B503-3DB3BBB27628}.Debug|ARM.Build.0 = Debug|Any CPU
		{8C79B36E-3598-4A3C-B503-3DB3BBB27628}.Debug|ARM64.ActiveCfg = Debug|Any CPU
		{8C79B36E-3598-4A3C-B503-3DB3BBB27628}.Debug|ARM64.Build.0 = Debug|Any CPU
		{8C79B36E-3598-4A3C-B503-3DB3BBB27628}.Debug|x64.ActiveCfg = Debug|Any CPU
		{8C79B36E-3598-4A3C-B503-3DB3BBB27628}.Debug|x64.Build.0 = Debug|Any CPU
		{8C79B36E-3598-4A3C-B503-3DB3BBB27628}.Debug|x86.ActiveCfg = Debug|Any CPU
		{8C79B36E-3598-4A3C-B503-3DB3BBB27628}.Debug|x86.Build.0 = Debug|Any CPU
		{8C79B36E-3598-4A3C-B503-3DB3BBB27628}.Release|Any CPU.ActiveCfg = Release|Any CPU
		{8C79B36E-3598-4A3C-B503-3DB3BBB27628}.Release|Any CPU.Build.0 = Release|Any CPU
		{8C79B36E-3598-4A3C-B503-3DB3BBB27628}.Release|ARM.ActiveCfg = Release|Any CPU
		{8C79B36E-3598-4A3C-B503-3DB3BBB27628}.Release|ARM.Build.0 = Release|Any CPU
		{8C79B36E-3598-4A3C-B503-3DB3BBB27628}.Release|ARM64.ActiveCfg = Release|Any CPU
		{8C79B36E-3598-4A3C-B503-3DB3BBB27628}.Release|ARM64.Build.0 = Release|Any CPU
		{8C79B36E-3598-4A3C-B503-3DB3BBB27628}.Release|x64.ActiveCfg = Release|Any CPU
		{8C79B36E-3598-4A3C-B503-3DB3BBB27628}.Release|x64.Build.0 = Release|Any CPU
		{8C79B36E-3598-4A3C-B503-3DB3BBB27628}.Release|x86.ActiveCfg = Release|Any CPU
		{8C79B36E-3598-4A3C-B503-3DB3BBB27628}.Release|x86.Build.0 = Release|Any CPU
		{274FD5BB-D521-4ABE-9C33-6EF0AF235189}.Debug|Any CPU.ActiveCfg = Debug|Any CPU
		{274FD5BB-D521-4ABE-9C33-6EF0AF235189}.Debug|Any CPU.Build.0 = Debug|Any CPU
		{274FD5BB-D521-4ABE-9C33-6EF0AF235189}.Debug|ARM.ActiveCfg = Debug|Any CPU
		{274FD5BB-D521-4ABE-9C33-6EF0AF235189}.Debug|ARM.Build.0 = Debug|Any CPU
		{274FD5BB-D521-4ABE-9C33-6EF0AF235189}.Debug|ARM64.ActiveCfg = Debug|Any CPU
		{274FD5BB-D521-4ABE-9C33-6EF0AF235189}.Debug|ARM64.Build.0 = Debug|Any CPU
		{274FD5BB-D521-4ABE-9C33-6EF0AF235189}.Debug|x64.ActiveCfg = Debug|Any CPU
		{274FD5BB-D521-4ABE-9C33-6EF0AF235189}.Debug|x64.Build.0 = Debug|Any CPU
		{274FD5BB-D521-4ABE-9C33-6EF0AF235189}.Debug|x86.ActiveCfg = Debug|Any CPU
		{274FD5BB-D521-4ABE-9C33-6EF0AF235189}.Debug|x86.Build.0 = Debug|Any CPU
		{274FD5BB-D521-4ABE-9C33-6EF0AF235189}.Release|Any CPU.ActiveCfg = Release|Any CPU
		{274FD5BB-D521-4ABE-9C33-6EF0AF235189}.Release|Any CPU.Build.0 = Release|Any CPU
		{274FD5BB-D521-4ABE-9C33-6EF0AF235189}.Release|ARM.ActiveCfg = Release|Any CPU
		{274FD5BB-D521-4ABE-9C33-6EF0AF235189}.Release|ARM.Build.0 = Release|Any CPU
		{274FD5BB-D521-4ABE-9C33-6EF0AF235189}.Release|ARM64.ActiveCfg = Release|Any CPU
		{274FD5BB-D521-4ABE-9C33-6EF0AF235189}.Release|ARM64.Build.0 = Release|Any CPU
		{274FD5BB-D521-4ABE-9C33-6EF0AF235189}.Release|x64.ActiveCfg = Release|Any CPU
		{274FD5BB-D521-4ABE-9C33-6EF0AF235189}.Release|x64.Build.0 = Release|Any CPU
		{274FD5BB-D521-4ABE-9C33-6EF0AF235189}.Release|x86.ActiveCfg = Release|Any CPU
		{274FD5BB-D521-4ABE-9C33-6EF0AF235189}.Release|x86.Build.0 = Release|Any CPU
		{356EEF0F-3913-47DB-9B0D-CF2A06E36114}.Debug|Any CPU.ActiveCfg = Debug|Any CPU
		{356EEF0F-3913-47DB-9B0D-CF2A06E36114}.Debug|Any CPU.Build.0 = Debug|Any CPU
		{356EEF0F-3913-47DB-9B0D-CF2A06E36114}.Debug|ARM.ActiveCfg = Debug|Any CPU
		{356EEF0F-3913-47DB-9B0D-CF2A06E36114}.Debug|ARM.Build.0 = Debug|Any CPU
		{356EEF0F-3913-47DB-9B0D-CF2A06E36114}.Debug|ARM64.ActiveCfg = Debug|Any CPU
		{356EEF0F-3913-47DB-9B0D-CF2A06E36114}.Debug|ARM64.Build.0 = Debug|Any CPU
		{356EEF0F-3913-47DB-9B0D-CF2A06E36114}.Debug|x64.ActiveCfg = Debug|Any CPU
		{356EEF0F-3913-47DB-9B0D-CF2A06E36114}.Debug|x64.Build.0 = Debug|Any CPU
		{356EEF0F-3913-47DB-9B0D-CF2A06E36114}.Debug|x86.ActiveCfg = Debug|Any CPU
		{356EEF0F-3913-47DB-9B0D-CF2A06E36114}.Debug|x86.Build.0 = Debug|Any CPU
		{356EEF0F-3913-47DB-9B0D-CF2A06E36114}.Release|Any CPU.ActiveCfg = Release|Any CPU
		{356EEF0F-3913-47DB-9B0D-CF2A06E36114}.Release|Any CPU.Build.0 = Release|Any CPU
		{356EEF0F-3913-47DB-9B0D-CF2A06E36114}.Release|ARM.ActiveCfg = Release|Any CPU
		{356EEF0F-3913-47DB-9B0D-CF2A06E36114}.Release|ARM.Build.0 = Release|Any CPU
		{356EEF0F-3913-47DB-9B0D-CF2A06E36114}.Release|ARM64.ActiveCfg = Release|Any CPU
		{356EEF0F-3913-47DB-9B0D-CF2A06E36114}.Release|ARM64.Build.0 = Release|Any CPU
		{356EEF0F-3913-47DB-9B0D-CF2A06E36114}.Release|x64.ActiveCfg = Release|Any CPU
		{356EEF0F-3913-47DB-9B0D-CF2A06E36114}.Release|x64.Build.0 = Release|Any CPU
		{356EEF0F-3913-47DB-9B0D-CF2A06E36114}.Release|x86.ActiveCfg = Release|Any CPU
		{356EEF0F-3913-47DB-9B0D-CF2A06E36114}.Release|x86.Build.0 = Release|Any CPU
		{FABB92DF-14D1-4623-B8D9-9893A11C8388}.Debug|Any CPU.ActiveCfg = Debug|Any CPU
		{FABB92DF-14D1-4623-B8D9-9893A11C8388}.Debug|Any CPU.Build.0 = Debug|Any CPU
		{FABB92DF-14D1-4623-B8D9-9893A11C8388}.Debug|ARM.ActiveCfg = Debug|Any CPU
		{FABB92DF-14D1-4623-B8D9-9893A11C8388}.Debug|ARM.Build.0 = Debug|Any CPU
		{FABB92DF-14D1-4623-B8D9-9893A11C8388}.Debug|ARM64.ActiveCfg = Debug|Any CPU
		{FABB92DF-14D1-4623-B8D9-9893A11C8388}.Debug|ARM64.Build.0 = Debug|Any CPU
		{FABB92DF-14D1-4623-B8D9-9893A11C8388}.Debug|x64.ActiveCfg = Debug|Any CPU
		{FABB92DF-14D1-4623-B8D9-9893A11C8388}.Debug|x64.Build.0 = Debug|Any CPU
		{FABB92DF-14D1-4623-B8D9-9893A11C8388}.Debug|x86.ActiveCfg = Debug|Any CPU
		{FABB92DF-14D1-4623-B8D9-9893A11C8388}.Debug|x86.Build.0 = Debug|Any CPU
		{FABB92DF-14D1-4623-B8D9-9893A11C8388}.Release|Any CPU.ActiveCfg = Release|Any CPU
		{FABB92DF-14D1-4623-B8D9-9893A11C8388}.Release|Any CPU.Build.0 = Release|Any CPU
		{FABB92DF-14D1-4623-B8D9-9893A11C8388}.Release|ARM.ActiveCfg = Release|Any CPU
		{FABB92DF-14D1-4623-B8D9-9893A11C8388}.Release|ARM.Build.0 = Release|Any CPU
		{FABB92DF-14D1-4623-B8D9-9893A11C8388}.Release|ARM64.ActiveCfg = Release|Any CPU
		{FABB92DF-14D1-4623-B8D9-9893A11C8388}.Release|ARM64.Build.0 = Release|Any CPU
		{FABB92DF-14D1-4623-B8D9-9893A11C8388}.Release|x64.ActiveCfg = Release|Any CPU
		{FABB92DF-14D1-4623-B8D9-9893A11C8388}.Release|x64.Build.0 = Release|Any CPU
		{FABB92DF-14D1-4623-B8D9-9893A11C8388}.Release|x86.ActiveCfg = Release|Any CPU
		{FABB92DF-14D1-4623-B8D9-9893A11C8388}.Release|x86.Build.0 = Release|Any CPU
	EndGlobalSection
	GlobalSection(SolutionProperties) = preSolution
		HideSolutionNode = FALSE
	EndGlobalSection
	GlobalSection(ExtensibilityGlobals) = postSolution
		SolutionGuid = {33D30261-FD09-4B51-A267-B07D87A7EF6D}
	EndGlobalSection
EndGlobal
